
Microsoft Visual Studio Solution File, Format Version 12.00
# Visual Studio Version 16
VisualStudioVersion = 16.0.30711.63
MinimumVisualStudioVersion = 10.0.40219.1
Project("{9A19103F-16F7-4668-BE54-9A1E7A4F7556}") = "test-fuse", "test-fuse.csproj", "{5CC82EF2-75CC-4745-A1C2-2919E83B7BEC}"
EndProject
Project("{E53339B2-1760-4266-BCC7-CA923CBCF16C}") = "docker-compose", "docker-compose.dcproj", "{BFE8D7B0-2254-4ED3-A268-D2762423E59E}"
EndProject
Global
	GlobalSection(SolutionConfigurationPlatforms) = preSolution
		Debug|Any CPU = Debug|Any CPU
		Release|Any CPU = Release|Any CPU
	EndGlobalSection
	GlobalSection(ProjectConfigurationPlatforms) = postSolution
		{5CC82EF2-75CC-4745-A1C2-2919E83B7BEC}.Debug|Any CPU.ActiveCfg = Debug|Any CPU
		{5CC82EF2-75CC-4745-A1C2-2919E83B7BEC}.Debug|Any CPU.Build.0 = Debug|Any CPU
		{5CC82EF2-75CC-4745-A1C2-2919E83B7BEC}.Release|Any CPU.ActiveCfg = Release|Any CPU
		{5CC82EF2-75CC-4745-A1C2-2919E83B7BEC}.Release|Any CPU.Build.0 = Release|Any CPU
		{BFE8D7B0-2254-4ED3-A268-D2762423E59E}.Debug|Any CPU.ActiveCfg = Debug|Any CPU
		{BFE8D7B0-2254-4ED3-A268-D2762423E59E}.Debug|Any CPU.Build.0 = Debug|Any CPU
		{BFE8D7B0-2254-4ED3-A268-D2762423E59E}.Release|Any CPU.ActiveCfg = Release|Any CPU
		{BFE8D7B0-2254-4ED3-A268-D2762423E59E}.Release|Any CPU.Build.0 = Release|Any CPU
	EndGlobalSection
	GlobalSection(SolutionProperties) = preSolution
		HideSolutionNode = FALSE
	EndGlobalSection
	GlobalSection(ExtensibilityGlobals) = postSolution
		SolutionGuid = {01E15043-6CE1-4813-8177-5194F536CD38}
	EndGlobalSection
EndGlobal
